
Microsoft Visual Studio Solution File, Format Version 12.00
# Visual Studio Version 17
VisualStudioVersion = 17.4.33403.182
MinimumVisualStudioVersion = 10.0.40219.1
Project("{9A19103F-16F7-4668-BE54-9A1E7A4F7556}") = "MathLib.Sample", "MathLib.Sample\MathLib.Sample.csproj", "{F1E5CCD1-D3FE-4F26-AFD0-500280D70BD3}"
EndProject
Project("{9A19103F-16F7-4668-BE54-9A1E7A4F7556}") = "MathLib.Interpolation", "MathLib.Interpolation\MathLib.Interpolation.csproj", "{3D7DE74F-B48A-4317-8B7D-5909AE6EE9F4}"
EndProject
Project("{9A19103F-16F7-4668-BE54-9A1E7A4F7556}") = "MathLib.Interpolation.Tests", "MathLib.Interpolation.Tests\MathLib.Interpolation.Tests.csproj", "{449AEF2E-81AC-4978-861E-804EE1CE59F3}"
EndProject
Global
	GlobalSection(SolutionConfigurationPlatforms) = preSolution
		Debug|Any CPU = Debug|Any CPU
		Release|Any CPU = Release|Any CPU
	EndGlobalSection
	GlobalSection(ProjectConfigurationPlatforms) = postSolution
		{F1E5CCD1-D3FE-4F26-AFD0-500280D70BD3}.Debug|Any CPU.ActiveCfg = Debug|Any CPU
		{F1E5CCD1-D3FE-4F26-AFD0-500280D70BD3}.Debug|Any CPU.Build.0 = Debug|Any CPU
		{F1E5CCD1-D3FE-4F26-AFD0-500280D70BD3}.Release|Any CPU.ActiveCfg = Release|Any CPU
		{F1E5CCD1-D3FE-4F26-AFD0-500280D70BD3}.Release|Any CPU.Build.0 = Release|Any CPU
		{3D7DE74F-B48A-4317-8B7D-5909AE6EE9F4}.Debug|Any CPU.ActiveCfg = Debug|Any CPU
		{3D7DE74F-B48A-4317-8B7D-5909AE6EE9F4}.Debug|Any CPU.Build.0 = Debug|Any CPU
		{3D7DE74F-B48A-4317-8B7D-5909AE6EE9F4}.Release|Any CPU.ActiveCfg = Release|Any CPU
		{3D7DE74F-B48A-4317-8B7D-5909AE6EE9F4}.Release|Any CPU.Build.0 = Release|Any CPU
		{449AEF2E-81AC-4978-861E-804EE1CE59F3}.Debug|Any CPU.ActiveCfg = Debug|Any CPU
		{449AEF2E-81AC-4978-861E-804EE1CE59F3}.Debug|Any CPU.Build.0 = Debug|Any CPU
		{449AEF2E-81AC-4978-861E-804EE1CE59F3}.Release|Any CPU.ActiveCfg = Release|Any CPU
		{449AEF2E-81AC-4978-861E-804EE1CE59F3}.Release|Any CPU.Build.0 = Release|Any CPU
	EndGlobalSection
	GlobalSection(SolutionProperties) = preSolution
		HideSolutionNode = FALSE
	EndGlobalSection
	GlobalSection(ExtensibilityGlobals) = postSolution
		SolutionGuid = {DAF2587E-6390-4CE1-95D9-38C18D8A6E30}
	EndGlobalSection
EndGlobal
